
Microsoft Visual Studio Solution File, Format Version 12.00
# Visual Studio Version 17
VisualStudioVersion = 17.10.34928.147
MinimumVisualStudioVersion = 10.0.40219.1
Project("{FAE04EC0-301F-11D3-BF4B-00C04F79EFBC}") = "injector", "injector\injector.csproj", "{5F1DC09B-13F4-4868-8320-0601A0F00F02}"
EndProject
Global
	GlobalSection(SolutionConfigurationPlatforms) = preSolution
		Debug|Any CPU = Debug|Any CPU
		Release|Any CPU = Release|Any CPU
	EndGlobalSection
	GlobalSection(ProjectConfigurationPlatforms) = postSolution
		{5F1DC09B-13F4-4868-8320-0601A0F00F02}.Debug|Any CPU.ActiveCfg = Debug|Any CPU
		{5F1DC09B-13F4-4868-8320-0601A0F00F02}.Debug|Any CPU.Build.0 = Debug|Any CPU
		{5F1DC09B-13F4-4868-8320-0601A0F00F02}.Release|Any CPU.ActiveCfg = Release|Any CPU
		{5F1DC09B-13F4-4868-8320-0601A0F00F02}.Release|Any CPU.Build.0 = Release|Any CPU
	EndGlobalSection
	GlobalSection(SolutionProperties) = preSolution
		HideSolutionNode = FALSE
	EndGlobalSection
	GlobalSection(ExtensibilityGlobals) = postSolution
		SolutionGuid = {BD2A5E44-69C8-4341-8F18-D2CA24E0465B}
	EndGlobalSection
EndGlobal
